{
  "version": 4,
  "terraform_version": "1.9.8",
  "serial": 22,
  "lineage": "f0f71c25-4c25-5c2e-25d3-cd767c0aa537",
  "outputs": {},
  "resources": [
    {
      "mode": "data",
      "type": "yandex_compute_image",
      "name": "nginx_ubuntu",
      "provider": "provider[\"registry.terraform.io/yandex-cloud/yandex\"]",
      "instances": [
        {
          "schema_version": 0,
          "attributes": {
            "created_at": "2024-12-18T15:36:24Z",
            "description": "my custom ubuntu with nginx",
            "family": "ubuntu-2004-lts",
            "folder_id": "b1gj8p46qvv2f27535u7",
            "hardware_generation": [
              {
                "generation2_features": [],
                "legacy_features": [
                  {
                    "pci_topology": "PCI_TOPOLOGY_V2"
                  }
                ]
              }
            ],
            "id": "fd8q9ol9ea59i7l105ro",
            "image_id": "fd8q9ol9ea59i7l105ro",
            "kms_key_id": null,
            "labels": {},
            "min_disk_size": 10,
            "name": "my-ubuntu-nginx",
            "os_type": "linux",
            "pooled": false,
            "product_ids": [
              "f2e3v3kh82rksa4q5i7c"
            ],
            "size": 4,
            "status": "ready"
          },
          "sensitive_attributes": []
        }
      ]
    },
    {
      "mode": "managed",
      "type": "yandex_compute_instance",
      "name": "vm-1",
      "provider": "provider[\"registry.terraform.io/yandex-cloud/yandex\"]",
      "instances": [
        {
          "schema_version": 1,
          "attributes": {
            "allow_recreate": null,
            "allow_stopping_for_update": null,
            "boot_disk": [
              {
                "auto_delete": true,
                "device_name": "fhm44voueppeb6qkhbk7",
                "disk_id": "fhm44voueppeb6qkhbk7",
                "initialize_params": [
                  {
                    "block_size": 4096,
                    "description": "",
                    "image_id": "fd8q9ol9ea59i7l105ro",
                    "kms_key_id": "",
                    "name": "",
                    "size": 10,
                    "snapshot_id": "",
                    "type": "network-hdd"
                  }
                ],
                "mode": "READ_WRITE"
              }
            ],
            "created_at": "2024-12-18T16:01:18Z",
            "description": "",
            "filesystem": [],
            "folder_id": "b1gj8p46qvv2f27535u7",
            "fqdn": "fhm9jp24e3jb42t98upn.auto.internal",
            "gpu_cluster_id": "",
            "hardware_generation": [
              {
                "generation2_features": [],
                "legacy_features": [
                  {
                    "pci_topology": "PCI_TOPOLOGY_V2"
                  }
                ]
              }
            ],
            "hostname": "",
            "id": "fhm9jp24e3jb42t98upn",
            "labels": {},
            "local_disk": [],
            "maintenance_grace_period": "",
            "maintenance_policy": null,
            "metadata": {
              "serial-port-enable": "true",
              "ssh-keys": "ubuntu:ssh-ed25519 AAAAC3NzaC1lZDI1NTE5AAAAIJW2aOMt9sdQxjRRwl4TZudQPyIK0R37mLubh/audOtm avigovskij@Antons-MacBook-Air.local\n"
            },
            "metadata_options": [
              {
                "aws_v1_http_endpoint": 1,
                "aws_v1_http_token": 2,
                "gce_http_endpoint": 1,
                "gce_http_token": 1
              }
            ],
            "name": "from-terraform-vm",
            "network_acceleration_type": "standard",
            "network_interface": [
              {
                "dns_record": [],
                "index": 0,
                "ip_address": "10.2.0.23",
                "ipv4": true,
                "ipv6": false,
                "ipv6_address": "",
                "ipv6_dns_record": [],
                "mac_address": "d0:0d:99:e4:44:70",
                "nat": true,
                "nat_dns_record": [],
                "nat_ip_address": "158.160.32.79",
                "nat_ip_version": "IPV4",
                "security_group_ids": [],
                "subnet_id": "e9b32djrmp4m1hb1ah30"
              }
            ],
            "placement_policy": [
              {
                "host_affinity_rules": [],
                "placement_group_id": "",
                "placement_group_partition": 0
              }
            ],
            "platform_id": "standard-v1",
            "resources": [
              {
                "core_fraction": 100,
                "cores": 2,
                "gpus": 0,
                "memory": 2
              }
            ],
            "scheduling_policy": [
              {
                "preemptible": false
              }
            ],
            "secondary_disk": [],
            "service_account_id": "",
            "status": "running",
            "timeouts": null,
            "zone": "ru-central1-a"
          },
          "sensitive_attributes": [],
          "private": "eyJlMmJmYjczMC1lY2FhLTExZTYtOGY4OC0zNDM2M2JjN2M0YzAiOnsiY3JlYXRlIjozMDAwMDAwMDAwMDAsImRlbGV0ZSI6MzAwMDAwMDAwMDAwLCJ1cGRhdGUiOjMwMDAwMDAwMDAwMH0sInNjaGVtYV92ZXJzaW9uIjoiMSJ9",
          "dependencies": [
            "data.yandex_compute_image.nginx_ubuntu",
            "yandex_vpc_network.from-terraform-network",
            "yandex_vpc_subnet.from-terraform-subnet"
          ]
        }
      ]
    },
    {
      "mode": "managed",
      "type": "yandex_mdb_postgresql_cluster",
      "name": "postgres_cluster",
      "provider": "provider[\"registry.terraform.io/yandex-cloud/yandex\"]",
      "instances": [
        {
          "schema_version": 0,
          "attributes": {
            "config": [
              {
                "access": [
                  {
                    "data_lens": false,
                    "data_transfer": false,
                    "serverless": false,
                    "web_sql": false
                  }
                ],
                "autofailover": true,
                "backup_retain_period_days": 7,
                "backup_window_start": [
                  {
                    "hours": 0,
                    "minutes": 0
                  }
                ],
                "disk_size_autoscaling": [
                  {
                    "disk_size_limit": 0,
                    "emergency_usage_threshold": 0,
                    "planned_usage_threshold": 0
                  }
                ],
                "performance_diagnostics": [
                  {
                    "enabled": false,
                    "sessions_sampling_interval": 60,
                    "statements_sampling_interval": 600
                  }
                ],
                "pooler_config": [],
                "postgresql_config": {
                  "autovacuum_vacuum_scale_factor": "0.34",
                  "default_transaction_isolation": "TRANSACTION_ISOLATION_READ_COMMITTED",
                  "enable_parallel_hash": "true",
                  "max_connections": "395",
                  "password_encryption": "1",
                  "shared_preload_libraries": "SHARED_PRELOAD_LIBRARIES_AUTO_EXPLAIN,SHARED_PRELOAD_LIBRARIES_PG_HINT_PLAN"
                },
                "resources": [
                  {
                    "disk_size": 10,
                    "disk_type_id": "network-ssd",
                    "resource_preset_id": "s3-c2-m8"
                  }
                ],
                "version": "15"
              }
            ],
            "created_at": "2024-12-18T16:06:35Z",
            "database": [],
            "deletion_protection": false,
            "description": "",
            "environment": "PRESTABLE",
            "folder_id": "b1gj8p46qvv2f27535u7",
            "health": "ALIVE",
            "host": [
              {
                "assign_public_ip": false,
                "fqdn": "rc1a-u8bt7kiobum71m0l.mdb.yandexcloud.net",
                "name": "",
                "priority": 0,
                "replication_source": "",
                "replication_source_name": "",
                "role": "MASTER",
                "subnet_id": "e9b32djrmp4m1hb1ah30",
                "zone": "ru-central1-a"
              }
            ],
            "host_group_ids": [],
            "host_master_name": "",
            "id": "c9qqlcoboqrpe5fp7r30",
            "labels": {},
            "maintenance_window": [
              {
                "day": "SAT",
                "hour": 12,
                "type": "WEEKLY"
              }
            ],
            "name": "test-vm",
            "network_id": "enp8hdrpntubjs3cbpjv",
            "restore": [],
            "security_group_ids": [],
            "status": "RUNNING",
            "timeouts": null,
            "user": []
          },
          "sensitive_attributes": [],
          "private": "eyJlMmJmYjczMC1lY2FhLTExZTYtOGY4OC0zNDM2M2JjN2M0YzAiOnsiY3JlYXRlIjoxODAwMDAwMDAwMDAwLCJkZWxldGUiOjkwMDAwMDAwMDAwMCwidXBkYXRlIjozNjAwMDAwMDAwMDAwfX0=",
          "dependencies": [
            "yandex_vpc_network.from-terraform-network",
            "yandex_vpc_subnet.from-terraform-subnet"
          ]
        }
      ]
    },
    {
      "mode": "managed",
      "type": "yandex_vpc_network",
      "name": "from-terraform-network",
      "provider": "provider[\"registry.terraform.io/yandex-cloud/yandex\"]",
      "instances": [
        {
          "schema_version": 0,
          "attributes": {
            "created_at": "2024-12-18T15:57:19Z",
            "default_security_group_id": "enp7628jpcss4fgljoj0",
            "description": "",
            "folder_id": "b1gj8p46qvv2f27535u7",
            "id": "enp8hdrpntubjs3cbpjv",
            "labels": {},
            "name": "from-terraform-network",
            "subnet_ids": [
              "e9b32djrmp4m1hb1ah30"
            ],
            "timeouts": null
          },
          "sensitive_attributes": [],
          "private": "eyJlMmJmYjczMC1lY2FhLTExZTYtOGY4OC0zNDM2M2JjN2M0YzAiOnsiY3JlYXRlIjo2MDAwMDAwMDAwMCwiZGVsZXRlIjo2MDAwMDAwMDAwMCwidXBkYXRlIjo2MDAwMDAwMDAwMH19"
        }
      ]
    },
    {
      "mode": "managed",
      "type": "yandex_vpc_subnet",
      "name": "from-terraform-subnet",
      "provider": "provider[\"registry.terraform.io/yandex-cloud/yandex\"]",
      "instances": [
        {
          "schema_version": 0,
          "attributes": {
            "created_at": "2024-12-18T15:57:21Z",
            "description": "",
            "dhcp_options": [],
            "folder_id": "b1gj8p46qvv2f27535u7",
            "id": "e9b32djrmp4m1hb1ah30",
            "labels": {},
            "name": "from-terraform-subnet",
            "network_id": "enp8hdrpntubjs3cbpjv",
            "route_table_id": "",
            "timeouts": null,
            "v4_cidr_blocks": [
              "10.2.0.0/16"
            ],
            "v6_cidr_blocks": [],
            "zone": "ru-central1-a"
          },
          "sensitive_attributes": [],
          "private": "eyJlMmJmYjczMC1lY2FhLTExZTYtOGY4OC0zNDM2M2JjN2M0YzAiOnsiY3JlYXRlIjoxODAwMDAwMDAwMDAsImRlbGV0ZSI6MTgwMDAwMDAwMDAwLCJ1cGRhdGUiOjE4MDAwMDAwMDAwMH19",
          "dependencies": [
            "yandex_vpc_network.from-terraform-network"
          ]
        }
      ]
    }
  ],
  "check_results": null
}
